
Microsoft Visual Studio Solution File, Format Version 12.00
# Visual Studio 15
VisualStudioVersion = 15.0.27703.2000
MinimumVisualStudioVersion = 10.0.40219.1
Project("{FAE04EC0-301F-11D3-BF4B-00C04F79EFBC}") = "searchfight", "searchfight\searchfight.csproj", "{B849150A-52B6-42BB-AAEC-40E1DE6D5F4D}"
EndProject
Global
	GlobalSection(SolutionConfigurationPlatforms) = preSolution
		Debug|Any CPU = Debug|Any CPU
		Release|Any CPU = Release|Any CPU
	EndGlobalSection
	GlobalSection(ProjectConfigurationPlatforms) = postSolution
		{B849150A-52B6-42BB-AAEC-40E1DE6D5F4D}.Debug|Any CPU.ActiveCfg = Debug|Any CPU
		{B849150A-52B6-42BB-AAEC-40E1DE6D5F4D}.Debug|Any CPU.Build.0 = Debug|Any CPU
		{B849150A-52B6-42BB-AAEC-40E1DE6D5F4D}.Release|Any CPU.ActiveCfg = Release|Any CPU
		{B849150A-52B6-42BB-AAEC-40E1DE6D5F4D}.Release|Any CPU.Build.0 = Release|Any CPU
	EndGlobalSection
	GlobalSection(SolutionProperties) = preSolution
		HideSolutionNode = FALSE
	EndGlobalSection
	GlobalSection(ExtensibilityGlobals) = postSolution
		SolutionGuid = {38BB04FB-C6D6-40BF-8BFE-C4AE1FD67888}
	EndGlobalSection
EndGlobal
